
Microsoft Visual Studio Solution File, Format Version 12.00
Project("{FAE04EC0-301F-11D3-BF4B-00C04F79EFBC}") = "OppConceptApp", "OppConceptApp\OppConceptApp.csproj", "{B3CC272F-EFD8-4500-823B-79BAAE980D02}"
EndProject
Project("{FAE04EC0-301F-11D3-BF4B-00C04F79EFBC}") = "Abstraction", "Abstraction\Abstraction.csproj", "{A2B415AC-977A-4478-9B58-ABD8C4C8B7ED}"
EndProject
Project("{FAE04EC0-301F-11D3-BF4B-00C04F79EFBC}") = "Encapsulation", "Encapsulation\Encapsulation.csproj", "{7400D216-93A0-4E6A-96DE-470F95F87D99}"
EndProject
Project("{FAE04EC0-301F-11D3-BF4B-00C04F79EFBC}") = "Inheritance", "Inheritance\Inheritance.csproj", "{1CED5681-0C2C-4FFC-8CB2-159943BAAC6F}"
EndProject
Project("{FAE04EC0-301F-11D3-BF4B-00C04F79EFBC}") = "Polymorphism", "Polymorphism\Polymorphism.csproj", "{367430EA-3EC4-4D7E-BE98-31AFF1B4C467}"
EndProject
Project("{FAE04EC0-301F-11D3-BF4B-00C04F79EFBC}") = "MethodOverloading", "MethodOverloading\MethodOverloading.csproj", "{F342028B-E6D9-4B5A-8BB3-D854A0897F3F}"
EndProject
Global
	GlobalSection(SolutionConfigurationPlatforms) = preSolution
		Debug|Any CPU = Debug|Any CPU
		Release|Any CPU = Release|Any CPU
	EndGlobalSection
	GlobalSection(ProjectConfigurationPlatforms) = postSolution
		{B3CC272F-EFD8-4500-823B-79BAAE980D02}.Debug|Any CPU.ActiveCfg = Debug|Any CPU
		{B3CC272F-EFD8-4500-823B-79BAAE980D02}.Debug|Any CPU.Build.0 = Debug|Any CPU
		{B3CC272F-EFD8-4500-823B-79BAAE980D02}.Release|Any CPU.ActiveCfg = Release|Any CPU
		{B3CC272F-EFD8-4500-823B-79BAAE980D02}.Release|Any CPU.Build.0 = Release|Any CPU
		{A2B415AC-977A-4478-9B58-ABD8C4C8B7ED}.Debug|Any CPU.ActiveCfg = Debug|Any CPU
		{A2B415AC-977A-4478-9B58-ABD8C4C8B7ED}.Debug|Any CPU.Build.0 = Debug|Any CPU
		{A2B415AC-977A-4478-9B58-ABD8C4C8B7ED}.Release|Any CPU.ActiveCfg = Release|Any CPU
		{A2B415AC-977A-4478-9B58-ABD8C4C8B7ED}.Release|Any CPU.Build.0 = Release|Any CPU
		{7400D216-93A0-4E6A-96DE-470F95F87D99}.Debug|Any CPU.ActiveCfg = Debug|Any CPU
		{7400D216-93A0-4E6A-96DE-470F95F87D99}.Debug|Any CPU.Build.0 = Debug|Any CPU
		{7400D216-93A0-4E6A-96DE-470F95F87D99}.Release|Any CPU.ActiveCfg = Release|Any CPU
		{7400D216-93A0-4E6A-96DE-470F95F87D99}.Release|Any CPU.Build.0 = Release|Any CPU
		{1CED5681-0C2C-4FFC-8CB2-159943BAAC6F}.Debug|Any CPU.ActiveCfg = Debug|Any CPU
		{1CED5681-0C2C-4FFC-8CB2-159943BAAC6F}.Debug|Any CPU.Build.0 = Debug|Any CPU
		{1CED5681-0C2C-4FFC-8CB2-159943BAAC6F}.Release|Any CPU.ActiveCfg = Release|Any CPU
		{1CED5681-0C2C-4FFC-8CB2-159943BAAC6F}.Release|Any CPU.Build.0 = Release|Any CPU
		{367430EA-3EC4-4D7E-BE98-31AFF1B4C467}.Debug|Any CPU.ActiveCfg = Debug|Any CPU
		{367430EA-3EC4-4D7E-BE98-31AFF1B4C467}.Debug|Any CPU.Build.0 = Debug|Any CPU
		{367430EA-3EC4-4D7E-BE98-31AFF1B4C467}.Release|Any CPU.ActiveCfg = Release|Any CPU
		{367430EA-3EC4-4D7E-BE98-31AFF1B4C467}.Release|Any CPU.Build.0 = Release|Any CPU
		{F342028B-E6D9-4B5A-8BB3-D854A0897F3F}.Debug|Any CPU.ActiveCfg = Debug|Any CPU
		{F342028B-E6D9-4B5A-8BB3-D854A0897F3F}.Debug|Any CPU.Build.0 = Debug|Any CPU
		{F342028B-E6D9-4B5A-8BB3-D854A0897F3F}.Release|Any CPU.ActiveCfg = Release|Any CPU
		{F342028B-E6D9-4B5A-8BB3-D854A0897F3F}.Release|Any CPU.Build.0 = Release|Any CPU
	EndGlobalSection
EndGlobal
